{
  "name": "hugo-theme-pochi",
  "lockfileVersion": 3,
  "requires": true,
  "packages": {
    "": {
      "dependencies": {
        "@fsouza/prettierd": "^0.28.0",
        "prettier": "^3.8.4",
        "prettier-plugin-go-template": "^0.0.15"
      },
      "devDependencies": {
        "@playwright/test": "^1.61.0",
        "fuse.js": "^7.1.0",
        "mark.js": "^8.11.1",
        "modern-normalize": "^3.0.1",
        "npm-check-updates": "^22.2.3",
        "picomatch": "^4.0.4",
        "typescript": "^6.0.3"
      }
    },
    "node_modules/@babel/helper-string-parser": {
      "version": "7.29.7",
      "resolved": "https://registry.npmjs.org/@babel/helper-string-parser/-/helper-string-parser-7.29.7.tgz",
      "integrity": "sha512-Pb5ijPrZ89GDH8223L4UP8i6QApWxs04RbPQJTeWDV0/keR2E36MeKnyr6LYmUUvqRRI+Iv87SuF1W6ErINzYw==",
      "license": "MIT",
      "optional": true,
      "engines": {
        "node": ">=6.9.0"
      }
    },
    "node_modules/@babel/helper-validator-identifier": {
      "version": "7.29.7",
      "resolved": "https://registry.npmjs.org/@babel/helper-validator-identifier/-/helper-validator-identifier-7.29.7.tgz",
      "integrity": "sha512-qehxGkRj55h/ff8EMaJ+cYhyaKlHIxqYDn682wQD7RNp9UujOQsHog2uS0r2vzr4pW+sXf90NeeayjcNaX3fFg==",
      "license": "MIT",
      "optional": true,
      "engines": {
        "node": ">=6.9.0"
      }
    },
    "node_modules/@babel/parser": {
      "version": "7.29.7",
      "resolved": "https://registry.npmjs.org/@babel/parser/-/parser-7.29.7.tgz",
      "integrity": "sha512-hnORnjP/1P/zFEndoeX+n+t1RwWRJiJpM/jO7FW32Kn9r5+sJB2JWOdYo4L6k78j15eCwY3Gm/7364B1EMwtNg==",
      "license": "MIT",
      "optional": true,
      "dependencies": {
        "@babel/types": "^7.29.7"
      },
      "bin": {
        "parser": "bin/babel-parser.js"
      },
      "engines": {
        "node": ">=6.0.0"
      }
    },
    "node_modules/@babel/types": {
      "version": "7.29.7",
      "resolved": "https://registry.npmjs.org/@babel/types/-/types-7.29.7.tgz",
      "integrity": "sha512-4zBIxpPzowiZpusoFkyGVwakdRJUyuH5PxQ/PrqghfdFWWasvnCdPfQXHrenDai+gyLARulZjZowCOj6fjT4pA==",
      "license": "MIT",
      "optional": true,
      "dependencies": {
        "@babel/helper-string-parser": "^7.29.7",
        "@babel/helper-validator-identifier": "^7.29.7"
      },
      "engines": {
        "node": ">=6.9.0"
      }
    },
    "node_modules/@fsouza/prettierd": {
      "version": "0.28.0",
      "resolved": "https://registry.npmjs.org/@fsouza/prettierd/-/prettierd-0.28.0.tgz",
      "integrity": "sha512-XkRkIp2en2Lcm7Qc+zqNm8ClI3RArLCBNG2A4M2xzTw43S/vYSEDQ4NcfW+6ZsUyQeoVqrFcMU5H1yAKCVkv6A==",
      "license": "ISC",
      "dependencies": {
        "core_d": "^6.1.1",
        "prettier": "^3.8.3"
      },
      "bin": {
        "prettierd": "bin/prettierd"
      },
      "optionalDependencies": {
        "@babel/parser": "^7.29.7",
        "@typescript-eslint/typescript-estree": "^8.60.0"
      }
    },
    "node_modules/@playwright/test": {
      "version": "1.61.0",
      "resolved": "https://registry.npmjs.org/@playwright/test/-/test-1.61.0.tgz",
      "integrity": "sha512-cKA5B6lpFEMyMGjxF54QihfYpB4FkEGH+qZhtArDEG+wezQAJY8Pq6C7T1SjWz+FFzt3TbyoXBQYk/0292TdJA==",
      "dev": true,
      "license": "Apache-2.0",
      "dependencies": {
        "playwright": "1.61.0"
      },
      "bin": {
        "playwright": "cli.js"
      },
      "engines": {
        "node": ">=18"
      }
    },
    "node_modules/@typescript-eslint/project-service": {
      "version": "8.61.0",
      "resolved": "https://registry.npmjs.org/@typescript-eslint/project-service/-/project-service-8.61.0.tgz",
      "integrity": "sha512-DV42F7MLJO6Rax7SK1yg43tcnEfGUrurSpSxKuVX+a3RCTzBlH3fuxprrOJXKCJGAaw82xXocikJ0uQaqwXgGA==",
      "license": "MIT",
      "optional": true,
      "dependencies": {
        "@typescript-eslint/tsconfig-utils": "^8.61.0",
        "@typescript-eslint/types": "^8.61.0",
        "debug": "^4.4.3"
      },
      "engines": {
        "node": "^18.18.0 || ^20.9.0 || >=21.1.0"
      },
      "funding": {
        "type": "opencollective",
        "url": "https://opencollective.com/typescript-eslint"
      },
      "peerDependencies": {
        "typescript": ">=4.8.4 <6.1.0"
      }
    },
    "node_modules/@typescript-eslint/tsconfig-utils": {
      "version": "8.61.0",
      "resolved": "https://registry.npmjs.org/@typescript-eslint/tsconfig-utils/-/tsconfig-utils-8.61.0.tgz",
      "integrity": "sha512-O5Amvdv9ztMpxpf+vmFULGG78IE6Qwdr3bCGvqwG4nwc9H2qXkOYJJnRbRHyMkQTjv1d03olqwwwzHLMqpFePQ==",
      "license": "MIT",
      "optional": true,
      "engines": {
        "node": "^18.18.0 || ^20.9.0 || >=21.1.0"
      },
      "funding": {
        "type": "opencollective",
        "url": "https://opencollective.com/typescript-eslint"
      },
      "peerDependencies": {
        "typescript": ">=4.8.4 <6.1.0"
      }
    },
    "node_modules/@typescript-eslint/types": {
      "version": "8.61.0",
      "resolved": "https://registry.npmjs.org/@typescript-eslint/types/-/types-8.61.0.tgz",
      "integrity": "sha512-9QTQpZ5Iin4CdIodfbDQFSeiSJKidgYJYug1P9CC2xWgUTvlmixViqDZNciMjwLBZyJnG4tGmPl97rVAFb1AJg==",
      "license": "MIT",
      "optional": true,
      "engines": {
        "node": "^18.18.0 || ^20.9.0 || >=21.1.0"
      },
      "funding": {
        "type": "opencollective",
        "url": "https://opencollective.com/typescript-eslint"
      }
    },
    "node_modules/@typescript-eslint/typescript-estree": {
      "version": "8.61.0",
      "resolved": "https://registry.npmjs.org/@typescript-eslint/typescript-estree/-/typescript-estree-8.61.0.tgz",
      "integrity": "sha512-42zatd5qSvvcV1JdDBCLxYRznvP4eIHpPoZXdkPFnAmanA4FuZ5dibSnCBggY8hQnqajPpoGjXFdZ7fIJKQnlA==",
      "license": "MIT",
      "optional": true,
      "dependencies": {
        "@typescript-eslint/project-service": "8.61.0",
        "@typescript-eslint/tsconfig-utils": "8.61.0",
        "@typescript-eslint/types": "8.61.0",
        "@typescript-eslint/visitor-keys": "8.61.0",
        "debug": "^4.4.3",
        "minimatch": "^10.2.2",
        "semver": "^7.7.3",
        "tinyglobby": "^0.2.15",
        "ts-api-utils": "^2.5.0"
      },
      "engines": {
        "node": "^18.18.0 || ^20.9.0 || >=21.1.0"
      },
      "funding": {
        "type": "opencollective",
        "url": "https://opencollective.com/typescript-eslint"
      },
      "peerDependencies": {
        "typescript": ">=4.8.4 <6.1.0"
      }
    },
    "node_modules/@typescript-eslint/visitor-keys": {
      "version": "8.61.0",
      "resolved": "https://registry.npmjs.org/@typescript-eslint/visitor-keys/-/visitor-keys-8.61.0.tgz",
      "integrity": "sha512-QVLZu3ZPQEE+HICQyAMZ2yLQhxf0meY/wx6Hx14YcTNj13JB3qHlX3lJ02L3fLGHgERRH71kvYDwiXIguT3AjQ==",
      "license": "MIT",
      "optional": true,
      "dependencies": {
        "@typescript-eslint/types": "8.61.0",
        "eslint-visitor-keys": "^5.0.0"
      },
      "engines": {
        "node": "^18.18.0 || ^20.9.0 || >=21.1.0"
      },
      "funding": {
        "type": "opencollective",
        "url": "https://opencollective.com/typescript-eslint"
      }
    },
    "node_modules/balanced-match": {
      "version": "4.0.4",
      "resolved": "https://registry.npmjs.org/balanced-match/-/balanced-match-4.0.4.tgz",
      "integrity": "sha512-BLrgEcRTwX2o6gGxGOCNyMvGSp35YofuYzw9h1IMTRmKqttAZZVU67bdb9Pr2vUHA8+j3i2tJfjO6C6+4myGTA==",
      "license": "MIT",
      "optional": true,
      "engines": {
        "node": "18 || 20 || >=22"
      }
    },
    "node_modules/brace-expansion": {
      "version": "5.0.6",
      "resolved": "https://registry.npmjs.org/brace-expansion/-/brace-expansion-5.0.6.tgz",
      "integrity": "sha512-kLpxurY4Z4r9sgMsyG0Z9uzsBlgiU/EFKhj/h91/8yHu0edo7XuixOIH3VcJ8kkxs6/jPzoI6U9Vj3WqbMQ94g==",
      "license": "MIT",
      "optional": true,
      "dependencies": {
        "balanced-match": "^4.0.2"
      },
      "engines": {
        "node": "18 || 20 || >=22"
      }
    },
    "node_modules/core_d": {
      "version": "6.1.1",
      "resolved": "https://registry.npmjs.org/core_d/-/core_d-6.1.1.tgz",
      "integrity": "sha512-96Pba8AFV6AjBwOz0PxHXkKm4CzmrNA2Im8NlPCsi70OefzgXxw3VDuKIMC18SXV1GF2oyNfIdh3w+JaNkSCCA==",
      "license": "MIT",
      "dependencies": {
        "supports-color": "^8.1.0"
      }
    },
    "node_modules/debug": {
      "version": "4.4.3",
      "resolved": "https://registry.npmjs.org/debug/-/debug-4.4.3.tgz",
      "integrity": "sha512-RGwwWnwQvkVfavKVt22FGLw+xYSdzARwm0ru6DhTVA3umU5hZc28V3kO4stgYryrTlLpuvgI9GiijltAjNbcqA==",
      "license": "MIT",
      "optional": true,
      "dependencies": {
        "ms": "^2.1.3"
      },
      "engines": {
        "node": ">=6.0"
      },
      "peerDependenciesMeta": {
        "supports-color": {
          "optional": true
        }
      }
    },
    "node_modules/eslint-visitor-keys": {
      "version": "5.0.1",
      "resolved": "https://registry.npmjs.org/eslint-visitor-keys/-/eslint-visitor-keys-5.0.1.tgz",
      "integrity": "sha512-tD40eHxA35h0PEIZNeIjkHoDR4YjjJp34biM0mDvplBe//mB+IHCqHDGV7pxF+7MklTvighcCPPZC7ynWyjdTA==",
      "license": "Apache-2.0",
      "optional": true,
      "engines": {
        "node": "^20.19.0 || ^22.13.0 || >=24"
      },
      "funding": {
        "url": "https://opencollective.com/eslint"
      }
    },
    "node_modules/fdir": {
      "version": "6.5.0",
      "resolved": "https://registry.npmjs.org/fdir/-/fdir-6.5.0.tgz",
      "integrity": "sha512-tIbYtZbucOs0BRGqPJkshJUYdL+SDH7dVM8gjy+ERp3WAUjLEFJE+02kanyHtwjWOnwrKYBiwAmM0p4kLJAnXg==",
      "license": "MIT",
      "optional": true,
      "engines": {
        "node": ">=12.0.0"
      },
      "peerDependencies": {
        "picomatch": "^3 || ^4"
      },
      "peerDependenciesMeta": {
        "picomatch": {
          "optional": true
        }
      }
    },
    "node_modules/fsevents": {
      "version": "2.3.2",
      "resolved": "https://registry.npmjs.org/fsevents/-/fsevents-2.3.2.tgz",
      "integrity": "sha512-xiqMQR4xAeHTuB9uWm+fFRcIOgKBMiOBP+eXiyT7jsgVCq1bkVygt00oASowB7EdtpOHaaPgKt812P9ab+DDKA==",
      "dev": true,
      "hasInstallScript": true,
      "license": "MIT",
      "optional": true,
      "os": [
        "darwin"
      ],
      "engines": {
        "node": "^8.16.0 || ^10.6.0 || >=11.0.0"
      }
    },
    "node_modules/fuse.js": {
      "version": "7.1.0",
      "resolved": "https://registry.npmjs.org/fuse.js/-/fuse.js-7.1.0.tgz",
      "integrity": "sha512-trLf4SzuuUxfusZADLINj+dE8clK1frKdmqiJNb1Es75fmI5oY6X2mxLVUciLLjxqw/xr72Dhy+lER6dGd02FQ==",
      "dev": true,
      "license": "Apache-2.0",
      "engines": {
        "node": ">=10"
      }
    },
    "node_modules/has-flag": {
      "version": "4.0.0",
      "resolved": "https://registry.npmjs.org/has-flag/-/has-flag-4.0.0.tgz",
      "integrity": "sha512-EykJT/Q1KjTWctppgIAgfSO0tKVuZUjhgMr17kqTumMl6Afv3EISleU7qZUzoXDFTAHTDC4NOoG/ZxU3EvlMPQ==",
      "license": "MIT",
      "engines": {
        "node": ">=8"
      }
    },
    "node_modules/mark.js": {
      "version": "8.11.1",
      "resolved": "https://registry.npmjs.org/mark.js/-/mark.js-8.11.1.tgz",
      "integrity": "sha512-1I+1qpDt4idfgLQG+BNWmrqku+7/2bi5nLf4YwF8y8zXvmfiTBY3PV3ZibfrjBueCByROpuBjLLFCajqkgYoLQ==",
      "dev": true,
      "license": "MIT"
    },
    "node_modules/minimatch": {
      "version": "10.2.5",
      "resolved": "https://registry.npmjs.org/minimatch/-/minimatch-10.2.5.tgz",
      "integrity": "sha512-MULkVLfKGYDFYejP07QOurDLLQpcjk7Fw+7jXS2R2czRQzR56yHRveU5NDJEOviH+hETZKSkIk5c+T23GjFUMg==",
      "license": "BlueOak-1.0.0",
      "optional": true,
      "dependencies": {
        "brace-expansion": "^5.0.5"
      },
      "engines": {
        "node": "18 || 20 || >=22"
      },
      "funding": {
        "url": "https://github.com/sponsors/isaacs"
      }
    },
    "node_modules/modern-normalize": {
      "version": "3.0.1",
      "resolved": "https://registry.npmjs.org/modern-normalize/-/modern-normalize-3.0.1.tgz",
      "integrity": "sha512-VqlMdYi59Uch6fnUPxnpijWUQe+TW6zeWCvyr6Mb7JibheHzSuAAoJi2c71ZwIaWKpECpGpYHoaaBp6rBRr+/g==",
      "dev": true,
      "license": "MIT",
      "engines": {
        "node": ">=6"
      },
      "funding": {
        "url": "https://github.com/sponsors/sindresorhus"
      }
    },
    "node_modules/ms": {
      "version": "2.1.3",
      "resolved": "https://registry.npmjs.org/ms/-/ms-2.1.3.tgz",
      "integrity": "sha512-6FlzubTLZG3J2a/NVCAleEhjzq5oxgHyaCU9yYXvcLsvoVaHJq/s5xXI6/XXP6tz7R9xAOtHnSO/tXtF3WRTlA==",
      "license": "MIT",
      "optional": true
    },
    "node_modules/npm-check-updates": {
      "version": "22.2.3",
      "resolved": "https://registry.npmjs.org/npm-check-updates/-/npm-check-updates-22.2.3.tgz",
      "integrity": "sha512-n8HZ0ywZugYRgEqIm67hbZC5L/9S/gLX+MkGchJB43pP2xib1+u76OpVEJRZ4QP2BksPRi5M1CCStJVfc16+/A==",
      "dev": true,
      "license": "Apache-2.0",
      "bin": {
        "ncu": "build/cli.js",
        "npm-check-updates": "build/cli.js"
      },
      "engines": {
        "node": "^20.19.0 || ^22.12.0 || >=24.0.0",
        "npm": ">=10.0.0"
      }
    },
    "node_modules/picomatch": {
      "version": "4.0.4",
      "resolved": "https://registry.npmjs.org/picomatch/-/picomatch-4.0.4.tgz",
      "integrity": "sha512-QP88BAKvMam/3NxH6vj2o21R6MjxZUAd6nlwAS/pnGvN9IVLocLHxGYIzFhg6fUQ+5th6P4dv4eW9jX3DSIj7A==",
      "devOptional": true,
      "license": "MIT",
      "engines": {
        "node": ">=12"
      },
      "funding": {
        "url": "https://github.com/sponsors/jonschlinkert"
      }
    },
    "node_modules/playwright": {
      "version": "1.61.0",
      "resolved": "https://registry.npmjs.org/playwright/-/playwright-1.61.0.tgz",
      "integrity": "sha512-Z+7BeeqQPRRzklHsVFP4KTGIyMxKUmfeRA4WisM6G3/XW6nwGeX6fX9qYaDa+CiUqpOkb2f6X3nar05R3kSuJQ==",
      "dev": true,
      "license": "Apache-2.0",
      "dependencies": {
        "playwright-core": "1.61.0"
      },
      "bin": {
        "playwright": "cli.js"
      },
      "engines": {
        "node": ">=18"
      },
      "optionalDependencies": {
        "fsevents": "2.3.2"
      }
    },
    "node_modules/playwright-core": {
      "version": "1.61.0",
      "resolved": "https://registry.npmjs.org/playwright-core/-/playwright-core-1.61.0.tgz",
      "integrity": "sha512-caX7TrY3Ml6egyDX0WUcTHDxodl/b51y5wJOdCEA36QviK/s2g081hvmGs8eaE3DWb6NYZQ6BjO/QkNRPenoPA==",
      "dev": true,
      "license": "Apache-2.0",
      "bin": {
        "playwright-core": "cli.js"
      },
      "engines": {
        "node": ">=18"
      }
    },
    "node_modules/prettier": {
      "version": "3.8.4",
      "resolved": "https://registry.npmjs.org/prettier/-/prettier-3.8.4.tgz",
      "integrity": "sha512-N2MylSdi48+5N/6S5j+maeHbUSIzzZ5uOcX5Hm4QpV8Dkb1HFjfAKTKX6yNPJQD9AhcT3ifHNB66tWTTJDi11Q==",
      "license": "MIT",
      "bin": {
        "prettier": "bin/prettier.cjs"
      },
      "engines": {
        "node": ">=14"
      },
      "funding": {
        "url": "https://github.com/prettier/prettier?sponsor=1"
      }
    },
    "node_modules/prettier-plugin-go-template": {
      "version": "0.0.15",
      "resolved": "https://registry.npmjs.org/prettier-plugin-go-template/-/prettier-plugin-go-template-0.0.15.tgz",
      "integrity": "sha512-WqU92E1NokWYNZ9mLE6ijoRg6LtIGdLMePt2C7UBDjXeDH9okcRI3zRqtnWR4s5AloiqyvZ66jNBAa9tmRY5EQ==",
      "license": "MIT",
      "dependencies": {
        "ulid": "^2.3.0"
      },
      "engines": {
        "node": ">=14.0.0"
      },
      "peerDependencies": {
        "prettier": "^3.0.0"
      }
    },
    "node_modules/semver": {
      "version": "7.8.4",
      "resolved": "https://registry.npmjs.org/semver/-/semver-7.8.4.tgz",
      "integrity": "sha512-rUCObTnP32Q08R2uuIrt7r9PlEonuTmtuXYcW6s5kjdlj3xbnwe+21yXptAUYcMAABLkYYTtnmzb3w3EDZfueA==",
      "license": "ISC",
      "optional": true,
      "bin": {
        "semver": "bin/semver.js"
      },
      "engines": {
        "node": ">=10"
      }
    },
    "node_modules/supports-color": {
      "version": "8.1.1",
      "resolved": "https://registry.npmjs.org/supports-color/-/supports-color-8.1.1.tgz",
      "integrity": "sha512-MpUEN2OodtUzxvKQl72cUF7RQ5EiHsGvSsVG0ia9c5RbWGL2CI4C7EpPS8UTBIplnlzZiNuV56w+FuNxy3ty2Q==",
      "license": "MIT",
      "dependencies": {
        "has-flag": "^4.0.0"
      },
      "engines": {
        "node": ">=10"
      },
      "funding": {
        "url": "https://github.com/chalk/supports-color?sponsor=1"
      }
    },
    "node_modules/tinyglobby": {
      "version": "0.2.17",
      "resolved": "https://registry.npmjs.org/tinyglobby/-/tinyglobby-0.2.17.tgz",
      "integrity": "sha512-wXR/dYpcqKmfWpEdZjiKJOwCNFndD0DMnrW/cYjVGttEkBfVgcLFHoNrlj47mjOVic9yyNu65alsgF4NQyTa2g==",
      "license": "MIT",
      "optional": true,
      "dependencies": {
        "fdir": "^6.5.0",
        "picomatch": "^4.0.4"
      },
      "engines": {
        "node": ">=12.0.0"
      },
      "funding": {
        "url": "https://github.com/sponsors/SuperchupuDev"
      }
    },
    "node_modules/ts-api-utils": {
      "version": "2.5.0",
      "resolved": "https://registry.npmjs.org/ts-api-utils/-/ts-api-utils-2.5.0.tgz",
      "integrity": "sha512-OJ/ibxhPlqrMM0UiNHJ/0CKQkoKF243/AEmplt3qpRgkW8VG7IfOS41h7V8TjITqdByHzrjcS/2si+y4lIh8NA==",
      "license": "MIT",
      "optional": true,
      "engines": {
        "node": ">=18.12"
      },
      "peerDependencies": {
        "typescript": ">=4.8.4"
      }
    },
    "node_modules/typescript": {
      "version": "6.0.3",
      "resolved": "https://registry.npmjs.org/typescript/-/typescript-6.0.3.tgz",
      "integrity": "sha512-y2TvuxSZPDyQakkFRPZHKFm+KKVqIisdg9/CZwm9ftvKXLP8NRWj38/ODjNbr43SsoXqNuAisEf1GdCxqWcdBw==",
      "devOptional": true,
      "license": "Apache-2.0",
      "bin": {
        "tsc": "bin/tsc",
        "tsserver": "bin/tsserver"
      },
      "engines": {
        "node": ">=14.17"
      }
    },
    "node_modules/ulid": {
      "version": "2.4.0",
      "resolved": "https://registry.npmjs.org/ulid/-/ulid-2.4.0.tgz",
      "integrity": "sha512-fIRiVTJNcSRmXKPZtGzFQv9WRrZ3M9eoptl/teFJvjOzmpU+/K/JH6HZ8deBfb5vMEpicJcLn7JmvdknlMq7Zg==",
      "license": "MIT",
      "bin": {
        "ulid": "bin/cli.js"
      }
    }
  }
}
